
Microsoft Visual Studio Solution File, Format Version 12.00
# Visual Studio 15
Project("{FAE04EC0-301F-11D3-BF4B-00C04F79EFBC}") = "FinalProject", "FinalProject\FinalProject.csproj", "{125159E4-0255-4563-A1B1-409A906A450C}"
EndProject
Project("{FAE04EC0-301F-11D3-BF4B-00C04F79EFBC}") = "FinalProjectTest", "FinalProjectTest\FinalProjectTest.csproj", "{6578F614-26A4-40C9-BDBE-A798C365A6B7}"
EndProject
Global
	GlobalSection(SolutionConfigurationPlatforms) = preSolution
		Debug|Any CPU = Debug|Any CPU
		Release|Any CPU = Release|Any CPU
	EndGlobalSection
	GlobalSection(ProjectConfigurationPlatforms) = postSolution
		{125159E4-0255-4563-A1B1-409A906A450C}.Debug|Any CPU.ActiveCfg = Debug|Any CPU
		{125159E4-0255-4563-A1B1-409A906A450C}.Debug|Any CPU.Build.0 = Debug|Any CPU
		{125159E4-0255-4563-A1B1-409A906A450C}.Release|Any CPU.ActiveCfg = Release|Any CPU
		{125159E4-0255-4563-A1B1-409A906A450C}.Release|Any CPU.Build.0 = Release|Any CPU
		{6578F614-26A4-40C9-BDBE-A798C365A6B7}.Debug|Any CPU.ActiveCfg = Debug|Any CPU
		{6578F614-26A4-40C9-BDBE-A798C365A6B7}.Debug|Any CPU.Build.0 = Debug|Any CPU
		{6578F614-26A4-40C9-BDBE-A798C365A6B7}.Release|Any CPU.ActiveCfg = Release|Any CPU
		{6578F614-26A4-40C9-BDBE-A798C365A6B7}.Release|Any CPU.Build.0 = Release|Any CPU
	EndGlobalSection
EndGlobal
